// !$*UTF8*$!
{
	archiveVersion = 1;
	classes = {
	};
	objectVersion = 50;
	objects = {

/* Begin PBXBuildFile section */
		F2946BA725B09CB9004C4781 /* TestSampleApp.swift in Sources */ = {isa = PBXBuildFile; fileRef = F2946B9425B09CB4004C4781 /* TestSampleApp.swift */; };
		F2946BA825B09CB9004C4781 /* TestSampleApp.swift in Sources */ = {isa = PBXBuildFile; fileRef = F2946B9425B09CB4004C4781 /* TestSampleApp.swift */; };
		F2946BA925B09CB9004C4781 /* ContentView.swift in Sources */ = {isa = PBXBuildFile; fileRef = F2946B9525B09CB4004C4781 /* ContentView.swift */; };
		F2946BAA25B09CB9004C4781 /* ContentView.swift in Sources */ = {isa = PBXBuildFile; fileRef = F2946B9525B09CB4004C4781 /* ContentView.swift */; };
		F2946BAB25B09CB9004C4781 /* Assets.xcassets in Resources */ = {isa = PBXBuildFile; fileRef = F2946B9625B09CB8004C4781 /* Assets.xcassets */; };
		F2946BAC25B09CB9004C4781 /* Assets.xcassets in Resources */ = {isa = PBXBuildFile; fileRef = F2946B9625B09CB8004C4781 /* Assets.xcassets */; };
		F2946BB825B09CF3004C4781 /* Sample.swift in Sources */ = {isa = PBXBuildFile; fileRef = F2946BB725B09CF2004C4781 /* Sample.swift */; };
		F2946BB925B09CF3004C4781 /* Sample.swift in Sources */ = {isa = PBXBuildFile; fileRef = F2946BB725B09CF2004C4781 /* Sample.swift */; };
		F2946BC325B09D0E004C4781 /* TestSampleiOSTests.swift in Sources */ = {isa = PBXBuildFile; fileRef = F2946BC225B09D0E004C4781 /* TestSampleiOSTests.swift */; };
		F2946BD725B09D4A004C4781 /* Tests.swift in Sources */ = {isa = PBXBuildFile; fileRef = F2946BCE25B09D3A004C4781 /* Tests.swift */; };
		F2946BE525B09D63004C4781 /* TestSampleiOSUITests.swift in Sources */ = {isa = PBXBuildFile; fileRef = F2946BE425B09D63004C4781 /* TestSampleiOSUITests.swift */; };
/* End PBXBuildFile section */

/* Begin PBXContainerItemProxy section */
		F2946BC525B09D0E004C4781 /* PBXContainerItemProxy */ = {
			isa = PBXContainerItemProxy;
			containerPortal = F2946B8F25B09CB3004C4781 /* Project object */;
			proxyType = 1;
			remoteGlobalIDString = F2946B9A25B09CB8004C4781;
			remoteInfo = "TestSample (iOS)";
		};
		F2946BE725B09D63004C4781 /* PBXContainerItemProxy */ = {
			isa = PBXContainerItemProxy;
			containerPortal = F2946B8F25B09CB3004C4781 /* Project object */;
			proxyType = 1;
			remoteGlobalIDString = F2946B9A25B09CB8004C4781;
			remoteInfo = "TestSample (iOS)";
		};
/* End PBXContainerItemProxy section */

/* Begin PBXFileReference section */
		F2946B9425B09CB4004C4781 /* TestSampleApp.swift */ = {isa = PBXFileReference; lastKnownFileType = sourcecode.swift; path = TestSampleApp.swift; sourceTree = "<group>"; };
		F2946B9525B09CB4004C4781 /* ContentView.swift */ = {isa = PBXFileReference; lastKnownFileType = sourcecode.swift; path = ContentView.swift; sourceTree = "<group>"; };
		F2946B9625B09CB8004C4781 /* Assets.xcassets */ = {isa = PBXFileReference; lastKnownFileType = folder.assetcatalog; path = Assets.xcassets; sourceTree = "<group>"; };
		F2946B9B25B09CB8004C4781 /* TestSample.app */ = {isa = PBXFileReference; explicitFileType = wrapper.application; includeInIndex = 0; path = TestSample.app; sourceTree = BUILT_PRODUCTS_DIR; };
		F2946B9E25B09CB9004C4781 /* Info.plist */ = {isa = PBXFileReference; lastKnownFileType = text.plist.xml; path = Info.plist; sourceTree = "<group>"; };
		F2946BA325B09CB9004C4781 /* TestSample.app */ = {isa = PBXFileReference; explicitFileType = wrapper.application; includeInIndex = 0; path = TestSample.app; sourceTree = BUILT_PRODUCTS_DIR; };
		F2946BA525B09CB9004C4781 /* Info.plist */ = {isa = PBXFileReference; lastKnownFileType = text.plist.xml; path = Info.plist; sourceTree = "<group>"; };
		F2946BA625B09CB9004C4781 /* macOS.entitlements */ = {isa = PBXFileReference; lastKnownFileType = text.plist.entitlements; path = macOS.entitlements; sourceTree = "<group>"; };
		F2946BB725B09CF2004C4781 /* Sample.swift */ = {isa = PBXFileReference; fileEncoding = 4; lastKnownFileType = sourcecode.swift; path = Sample.swift; sourceTree = "<group>"; };
		F2946BC025B09D0E004C4781 /* TestSampleiOSTests.xctest */ = {isa = PBXFileReference; explicitFileType = wrapper.cfbundle; includeInIndex = 0; path = TestSampleiOSTests.xctest; sourceTree = BUILT_PRODUCTS_DIR; };
		F2946BC225B09D0E004C4781 /* TestSampleiOSTests.swift */ = {isa = PBXFileReference; lastKnownFileType = sourcecode.swift; path = TestSampleiOSTests.swift; sourceTree = "<group>"; };
		F2946BC425B09D0E004C4781 /* Info.plist */ = {isa = PBXFileReference; lastKnownFileType = text.plist.xml; path = Info.plist; sourceTree = "<group>"; };
		F2946BCE25B09D3A004C4781 /* Tests.swift */ = {isa = PBXFileReference; fileEncoding = 4; lastKnownFileType = sourcecode.swift; path = Tests.swift; sourceTree = "<group>"; };
		F2946BE225B09D63004C4781 /* TestSampleiOSUITests.xctest */ = {isa = PBXFileReference; explicitFileType = wrapper.cfbundle; includeInIndex = 0; path = TestSampleiOSUITests.xctest; sourceTree = BUILT_PRODUCTS_DIR; };
		F2946BE425B09D63004C4781 /* TestSampleiOSUITests.swift */ = {isa = PBXFileReference; lastKnownFileType = sourcecode.swift; path = TestSampleiOSUITests.swift; sourceTree = "<group>"; };
		F2946BE625B09D63004C4781 /* Info.plist */ = {isa = PBXFileReference; lastKnownFileType = text.plist.xml; path = Info.plist; sourceTree = "<group>"; };
/* End PBXFileReference section */

/* Begin PBXFrameworksBuildPhase section */
		F2946B9825B09CB8004C4781 /* Frameworks */ = {
			isa = PBXFrameworksBuildPhase;
			buildActionMask = 2147483647;
			files = (
			);
			runOnlyForDeploymentPostprocessing = 0;
		};
		F2946BA025B09CB9004C4781 /* Frameworks */ = {
			isa = PBXFrameworksBuildPhase;
			buildActionMask = 2147483647;
			files = (
			);
			runOnlyForDeploymentPostprocessing = 0;
		};
		F2946BBD25B09D0E004C4781 /* Frameworks */ = {
			isa = PBXFrameworksBuildPhase;
			buildActionMask = 2147483647;
			files = (
			);
			runOnlyForDeploymentPostprocessing = 0;
		};
		F2946BDF25B09D63004C4781 /* Frameworks */ = {
			isa = PBXFrameworksBuildPhase;
			buildActionMask = 2147483647;
			files = (
			);
			runOnlyForDeploymentPostprocessing = 0;
		};
/* End PBXFrameworksBuildPhase section */

/* Begin PBXGroup section */
		F2946B8E25B09CB3004C4781 = {
			isa = PBXGroup;
			children = (
				F2946B9325B09CB4004C4781 /* Shared */,
				F2946B9D25B09CB8004C4781 /* iOS */,
				F2946BA425B09CB9004C4781 /* macOS */,
				F2946BCD25B09D3A004C4781 /* Tests Shared */,
				F2946BC125B09D0E004C4781 /* TestSampleiOSTests */,
				F2946BE325B09D63004C4781 /* TestSampleiOSUITests */,
				F2946B9C25B09CB8004C4781 /* Products */,
			);
			sourceTree = "<group>";
		};
		F2946B9325B09CB4004C4781 /* Shared */ = {
			isa = PBXGroup;
			children = (
				F2946B9425B09CB4004C4781 /* TestSampleApp.swift */,
				F2946B9525B09CB4004C4781 /* ContentView.swift */,
				F2946BB725B09CF2004C4781 /* Sample.swift */,
				F2946B9625B09CB8004C4781 /* Assets.xcassets */,
			);
			path = Shared;
			sourceTree = "<group>";
		};
		F2946B9C25B09CB8004C4781 /* Products */ = {
			isa = PBXGroup;
			children = (
				F2946B9B25B09CB8004C4781 /* TestSample.app */,
				F2946BA325B09CB9004C4781 /* TestSample.app */,
				F2946BC025B09D0E004C4781 /* TestSampleiOSTests.xctest */,
				F2946BE225B09D63004C4781 /* TestSampleiOSUITests.xctest */,
			);
			name = Products;
			sourceTree = "<group>";
		};
		F2946B9D25B09CB8004C4781 /* iOS */ = {
			isa = PBXGroup;
			children = (
				F2946B9E25B09CB9004C4781 /* Info.plist */,
			);
			path = iOS;
			sourceTree = "<group>";
		};
		F2946BA425B09CB9004C4781 /* macOS */ = {
			isa = PBXGroup;
			children = (
				F2946BA525B09CB9004C4781 /* Info.plist */,
				F2946BA625B09CB9004C4781 /* macOS.entitlements */,
			);
			path = macOS;
			sourceTree = "<group>";
		};
		F2946BC125B09D0E004C4781 /* TestSampleiOSTests */ = {
			isa = PBXGroup;
			children = (
				F2946BC225B09D0E004C4781 /* TestSampleiOSTests.swift */,
				F2946BC425B09D0E004C4781 /* Info.plist */,
			);
			path = TestSampleiOSTests;
			sourceTree = "<group>";
		};
		F2946BCD25B09D3A004C4781 /* Tests Shared */ = {
			isa = PBXGroup;
			children = (
				F2946BCE25B09D3A004C4781 /* Tests.swift */,
			);
			path = "Tests Shared";
			sourceTree = "<group>";
		};
		F2946BE325B09D63004C4781 /* TestSampleiOSUITests */ = {
			isa = PBXGroup;
			children = (
				F2946BE425B09D63004C4781 /* TestSampleiOSUITests.swift */,
				F2946BE625B09D63004C4781 /* Info.plist */,
			);
			path = TestSampleiOSUITests;
			sourceTree = "<group>";
		};
/* End PBXGroup section */

/* Begin PBXNativeTarget section */
		F2946B9A25B09CB8004C4781 /* TestSample (iOS) */ = {
			isa = PBXNativeTarget;
			buildConfigurationList = F2946BAF25B09CB9004C4781 /* Build configuration list for PBXNativeTarget "TestSample (iOS)" */;
			buildPhases = (
				F2946B9725B09CB8004C4781 /* Sources */,
				F2946B9825B09CB8004C4781 /* Frameworks */,
				F2946B9925B09CB8004C4781 /* Resources */,
			);
			buildRules = (
			);
			dependencies = (
			);
			name = "TestSample (iOS)";
			productName = "TestSample (iOS)";
			productReference = F2946B9B25B09CB8004C4781 /* TestSample.app */;
			productType = "com.apple.product-type.application";
		};
		F2946BA225B09CB9004C4781 /* TestSample (macOS) */ = {
			isa = PBXNativeTarget;
			buildConfigurationList = F2946BB225B09CB9004C4781 /* Build configuration list for PBXNativeTarget "TestSample (macOS)" */;
			buildPhases = (
				F2946B9F25B09CB9004C4781 /* Sources */,
				F2946BA025B09CB9004C4781 /* Frameworks */,
				F2946BA125B09CB9004C4781 /* Resources */,
			);
			buildRules = (
			);
			dependencies = (
			);
			name = "TestSample (macOS)";
			productName = "TestSample (macOS)";
			productReference = F2946BA325B09CB9004C4781 /* TestSample.app */;
			productType = "com.apple.product-type.application";
		};
		F2946BBF25B09D0E004C4781 /* TestSampleiOSTests */ = {
			isa = PBXNativeTarget;
			buildConfigurationList = F2946BC725B09D0E004C4781 /* Build configuration list for PBXNativeTarget "TestSampleiOSTests" */;
			buildPhases = (
				F2946BBC25B09D0E004C4781 /* Sources */,
				F2946BBD25B09D0E004C4781 /* Frameworks */,
				F2946BBE25B09D0E004C4781 /* Resources */,
			);
			buildRules = (
			);
			dependencies = (
				F2946BC625B09D0E004C4781 /* PBXTargetDependency */,
			);
			name = TestSampleiOSTests;
			productName = TestSampleiOSTests;
			productReference = F2946BC025B09D0E004C4781 /* TestSampleiOSTests.xctest */;
			productType = "com.apple.product-type.bundle.unit-test";
		};
		F2946BE125B09D63004C4781 /* TestSampleiOSUITests */ = {
			isa = PBXNativeTarget;
			buildConfigurationList = F2946BE925B09D63004C4781 /* Build configuration list for PBXNativeTarget "TestSampleiOSUITests" */;
			buildPhases = (
				F2946BDE25B09D63004C4781 /* Sources */,
				F2946BDF25B09D63004C4781 /* Frameworks */,
				F2946BE025B09D63004C4781 /* Resources */,
			);
			buildRules = (
			);
			dependencies = (
				F2946BE825B09D63004C4781 /* PBXTargetDependency */,
			);
			name = TestSampleiOSUITests;
			productName = TestSampleiOSUITests;
			productReference = F2946BE225B09D63004C4781 /* TestSampleiOSUITests.xctest */;
			productType = "com.apple.product-type.bundle.ui-testing";
		};
/* End PBXNativeTarget section */

/* Begin PBXProject section */
		F2946B8F25B09CB3004C4781 /* Project object */ = {
			isa = PBXProject;
			attributes = {
				LastSwiftUpdateCheck = 1220;
				LastUpgradeCheck = 1220;
				TargetAttributes = {
					F2946B9A25B09CB8004C4781 = {
						CreatedOnToolsVersion = 12.2;
					};
					F2946BA225B09CB9004C4781 = {
						CreatedOnToolsVersion = 12.2;
					};
					F2946BBF25B09D0E004C4781 = {
						CreatedOnToolsVersion = 12.2;
						TestTargetID = F2946B9A25B09CB8004C4781;
					};
					F2946BE125B09D63004C4781 = {
						CreatedOnToolsVersion = 12.2;
						TestTargetID = F2946B9A25B09CB8004C4781;
					};
				};
			};
			buildConfigurationList = F2946B9225B09CB3004C4781 /* Build configuration list for PBXProject "TestSample" */;
			compatibilityVersion = "Xcode 9.3";
			developmentRegion = en;
			hasScannedForEncodings = 0;
			knownRegions = (
				en,
				Base,
			);
			mainGroup = F2946B8E25B09CB3004C4781;
			productRefGroup = F2946B9C25B09CB8004C4781 /* Products */;
			projectDirPath = "";
			projectRoot = "";
			targets = (
				F2946B9A25B09CB8004C4781 /* TestSample (iOS) */,
				F2946BA225B09CB9004C4781 /* TestSample (macOS) */,
				F2946BBF25B09D0E004C4781 /* TestSampleiOSTests */,
				F2946BE125B09D63004C4781 /* TestSampleiOSUITests */,
			);
		};
/* End PBXProject section */

/* Begin PBXResourcesBuildPhase section */
		F2946B9925B09CB8004C4781 /* Resources */ = {
			isa = PBXResourcesBuildPhase;
			buildActionMask = 2147483647;
			files = (
				F2946BAB25B09CB9004C4781 /* Assets.xcassets in Resources */,
			);
			runOnlyForDeploymentPostprocessing = 0;
		};
		F2946BA125B09CB9004C4781 /* Resources */ = {
			isa = PBXResourcesBuildPhase;
			buildActionMask = 2147483647;
			files = (
				F2946BAC25B09CB9004C4781 /* Assets.xcassets in Resources */,
			);
			runOnlyForDeploymentPostprocessing = 0;
		};
		F2946BBE25B09D0E004C4781 /* Resources */ = {
			isa = PBXResourcesBuildPhase;
			buildActionMask = 2147483647;
			files = (
			);
			runOnlyForDeploymentPostprocessing = 0;
		};
		F2946BE025B09D63004C4781 /* Resources */ = {
			isa = PBXResourcesBuildPhase;
			buildActionMask = 2147483647;
			files = (
			);
			runOnlyForDeploymentPostprocessing = 0;
		};
/* End PBXResourcesBuildPhase section */

/* Begin PBXSourcesBuildPhase section */
		F2946B9725B09CB8004C4781 /* Sources */ = {
			isa = PBXSourcesBuildPhase;
			buildActionMask = 2147483647;
			files = (
				F2946BA925B09CB9004C4781 /* ContentView.swift in Sources */,
				F2946BB825B09CF3004C4781 /* Sample.swift in Sources */,
				F2946BA725B09CB9004C4781 /* TestSampleApp.swift in Sources */,
			);
			runOnlyForDeploymentPostprocessing = 0;
		};
		F2946B9F25B09CB9004C4781 /* Sources */ = {
			isa = PBXSourcesBuildPhase;
			buildActionMask = 2147483647;
			files = (
				F2946BAA25B09CB9004C4781 /* ContentView.swift in Sources */,
				F2946BB925B09CF3004C4781 /* Sample.swift in Sources */,
				F2946BA825B09CB9004C4781 /* TestSampleApp.swift in Sources */,
			);
			runOnlyForDeploymentPostprocessing = 0;
		};
		F2946BBC25B09D0E004C4781 /* Sources */ = {
			isa = PBXSourcesBuildPhase;
			buildActionMask = 2147483647;
			files = (
				F2946BC325B09D0E004C4781 /* TestSampleiOSTests.swift in Sources */,
				F2946BD725B09D4A004C4781 /* Tests.swift in Sources */,
			);
			runOnlyForDeploymentPostprocessing = 0;
		};
		F2946BDE25B09D63004C4781 /* Sources */ = {
			isa = PBXSourcesBuildPhase;
			buildActionMask = 2147483647;
			files = (
				F2946BE525B09D63004C4781 /* TestSampleiOSUITests.swift in Sources */,
			);
			runOnlyForDeploymentPostprocessing = 0;
		};
/* End PBXSourcesBuildPhase section */

/* Begin PBXTargetDependency section */
		F2946BC625B09D0E004C4781 /* PBXTargetDependency */ = {
			isa = PBXTargetDependency;
			target = F2946B9A25B09CB8004C4781 /* TestSample (iOS) */;
			targetProxy = F2946BC525B09D0E004C4781 /* PBXContainerItemProxy */;
		};
		F2946BE825B09D63004C4781 /* PBXTargetDependency */ = {
			isa = PBXTargetDependency;
			target = F2946B9A25B09CB8004C4781 /* TestSample (iOS) */;
			targetProxy = F2946BE725B09D63004C4781 /* PBXContainerItemProxy */;
		};
/* End PBXTargetDependency section */

/* Begin XCBuildConfiguration section */
		F2946BAD25B09CB9004C4781 /* Debug */ = {
			isa = XCBuildConfiguration;
			buildSettings = {
				ALWAYS_SEARCH_USER_PATHS = NO;
				CLANG_ANALYZER_NONNULL = YES;
				CLANG_ANALYZER_NUMBER_OBJECT_CONVERSION = YES_AGGRESSIVE;
				CLANG_CXX_LANGUAGE_STANDARD = "gnu++14";
				CLANG_CXX_LIBRARY = "libc++";
				CLANG_ENABLE_MODULES = YES;
				CLANG_ENABLE_OBJC_ARC = YES;
				CLANG_ENABLE_OBJC_WEAK = YES;
				CLANG_WARN_BLOCK_CAPTURE_AUTORELEASING = YES;
				CLANG_WARN_BOOL_CONVERSION = YES;
				CLANG_WARN_COMMA = YES;
				CLANG_WARN_CONSTANT_CONVERSION = YES;
				CLANG_WARN_DEPRECATED_OBJC_IMPLEMENTATIONS = YES;
				CLANG_WARN_DIRECT_OBJC_ISA_USAGE = YES_ERROR;
				CLANG_WARN_DOCUMENTATION_COMMENTS = YES;
				CLANG_WARN_EMPTY_BODY = YES;
				CLANG_WARN_ENUM_CONVERSION = YES;
				CLANG_WARN_INFINITE_RECURSION = YES;
				CLANG_WARN_INT_CONVERSION = YES;
				CLANG_WARN_NON_LITERAL_NULL_CONVERSION = YES;
				CLANG_WARN_OBJC_IMPLICIT_RETAIN_SELF = YES;
				CLANG_WARN_OBJC_LITERAL_CONVERSION = YES;
				CLANG_WARN_OBJC_ROOT_CLASS = YES_ERROR;
				CLANG_WARN_QUOTED_INCLUDE_IN_FRAMEWORK_HEADER = YES;
				CLANG_WARN_RANGE_LOOP_ANALYSIS = YES;
				CLANG_WARN_STRICT_PROTOTYPES = YES;
				CLANG_WARN_SUSPICIOUS_MOVE = YES;
				CLANG_WARN_UNGUARDED_AVAILABILITY = YES_AGGRESSIVE;
				CLANG_WARN_UNREACHABLE_CODE = YES;
				CLANG_WARN__DUPLICATE_METHOD_MATCH = YES;
				COPY_PHASE_STRIP = NO;
				DEBUG_INFORMATION_FORMAT = dwarf;
				ENABLE_STRICT_OBJC_MSGSEND = YES;
				ENABLE_TESTABILITY = YES;
				GCC_C_LANGUAGE_STANDARD = gnu11;
				GCC_DYNAMIC_NO_PIC = NO;
				GCC_NO_COMMON_BLOCKS = YES;
				GCC_OPTIMIZATION_LEVEL = 0;
				GCC_PREPROCESSOR_DEFINITIONS = (
					"DEBUG=1",
					"$(inherited)",
				);
				GCC_WARN_64_TO_32_BIT_CONVERSION = YES;
				GCC_WARN_ABOUT_RETURN_TYPE = YES_ERROR;
				GCC_WARN_UNDECLARED_SELECTOR = YES;
				GCC_WARN_UNINITIALIZED_AUTOS = YES_AGGRESSIVE;
				GCC_WARN_UNUSED_FUNCTION = YES;
				GCC_WARN_UNUSED_VARIABLE = YES;
				MTL_ENABLE_DEBUG_INFO = INCLUDE_SOURCE;
				MTL_FAST_MATH = YES;
				ONLY_ACTIVE_ARCH = YES;
				SWIFT_ACTIVE_COMPILATION_CONDITIONS = DEBUG;
				SWIFT_OPTIMIZATION_LEVEL = "-Onone";
			};
			name = Debug;
		};
		F2946BAE25B09CB9004C4781 /* Release */ = {
			isa = XCBuildConfiguration;
			buildSettings = {
				ALWAYS_SEARCH_USER_PATHS = NO;
				CLANG_ANALYZER_NONNULL = YES;
				CLANG_ANALYZER_NUMBER_OBJECT_CONVERSION = YES_AGGRESSIVE;
				CLANG_CXX_LANGUAGE_STANDARD = "gnu++14";
				CLANG_CXX_LIBRARY = "libc++";
				CLANG_ENABLE_MODULES = YES;
				CLANG_ENABLE_OBJC_ARC = YES;
				CLANG_ENABLE_OBJC_WEAK = YES;
				CLANG_WARN_BLOCK_CAPTURE_AUTORELEASING = YES;
				CLANG_WARN_BOOL_CONVERSION = YES;
				CLANG_WARN_COMMA = YES;
				CLANG_WARN_CONSTANT_CONVERSION = YES;
				CLANG_WARN_DEPRECATED_OBJC_IMPLEMENTATIONS = YES;
				CLANG_WARN_DIRECT_OBJC_ISA_USAGE = YES_ERROR;
				CLANG_WARN_DOCUMENTATION_COMMENTS = YES;
				CLANG_WARN_EMPTY_BODY = YES;
				CLANG_WARN_ENUM_CONVERSION = YES;
				CLANG_WARN_INFINITE_RECURSION = YES;
				CLANG_WARN_INT_CONVERSION = YES;
				CLANG_WARN_NON_LITERAL_NULL_CONVERSION = YES;
				CLANG_WARN_OBJC_IMPLICIT_RETAIN_SELF = YES;
				CLANG_WARN_OBJC_LITERAL_CONVERSION = YES;
				CLANG_WARN_OBJC_ROOT_CLASS = YES_ERROR;
				CLANG_WARN_QUOTED_INCLUDE_IN_FRAMEWORK_HEADER = YES;
				CLANG_WARN_RANGE_LOOP_ANALYSIS = YES;
				CLANG_WARN_STRICT_PROTOTYPES = YES;
				CLANG_WARN_SUSPICIOUS_MOVE = YES;
				CLANG_WARN_UNGUARDED_AVAILABILITY = YES_AGGRESSIVE;
				CLANG_WARN_UNREACHABLE_CODE = YES;
				CLANG_WARN__DUPLICATE_METHOD_MATCH = YES;
				COPY_PHASE_STRIP = NO;
				DEBUG_INFORMATION_FORMAT = "dwarf-with-dsym";
				ENABLE_NS_ASSERTIONS = NO;
				ENABLE_STRICT_OBJC_MSGSEND = YES;
				GCC_C_LANGUAGE_STANDARD = gnu11;
				GCC_NO_COMMON_BLOCKS = YES;
				GCC_WARN_64_TO_32_BIT_CONVERSION = YES;
				GCC_WARN_ABOUT_RETURN_TYPE = YES_ERROR;
				GCC_WARN_UNDECLARED_SELECTOR = YES;
				GCC_WARN_UNINITIALIZED_AUTOS = YES_AGGRESSIVE;
				GCC_WARN_UNUSED_FUNCTION = YES;
				GCC_WARN_UNUSED_VARIABLE = YES;
				MTL_ENABLE_DEBUG_INFO = NO;
				MTL_FAST_MATH = YES;
				SWIFT_COMPILATION_MODE = wholemodule;
				SWIFT_OPTIMIZATION_LEVEL = "-O";
			};
			name = Release;
		};
		F2946BB025B09CB9004C4781 /* Debug */ = {
			isa = XCBuildConfiguration;
			buildSettings = {
				ASSETCATALOG_COMPILER_APPICON_NAME = AppIcon;
				ASSETCATALOG_COMPILER_GLOBAL_ACCENT_COLOR_NAME = AccentColor;
				CODE_SIGN_STYLE = Automatic;
				DEVELOPMENT_TEAM = Q6PD97MRX4;
				ENABLE_PREVIEWS = YES;
				INFOPLIST_FILE = iOS/Info.plist;
				IPHONEOS_DEPLOYMENT_TARGET = 14.0;
				LD_RUNPATH_SEARCH_PATHS = (
					"$(inherited)",
					"@executable_path/Frameworks",
				);
				PRODUCT_BUNDLE_IDENTIFIER = de.dasdom.TestSample;
				PRODUCT_NAME = TestSample;
				SDKROOT = iphoneos;
				SWIFT_VERSION = 5.0;
				TARGETED_DEVICE_FAMILY = "1,2";
			};
			name = Debug;
		};
		F2946BB125B09CB9004C4781 /* Release */ = {
			isa = XCBuildConfiguration;
			buildSettings = {
				ASSETCATALOG_COMPILER_APPICON_NAME = AppIcon;
				ASSETCATALOG_COMPILER_GLOBAL_ACCENT_COLOR_NAME = AccentColor;
				CODE_SIGN_STYLE = Automatic;
				DEVELOPMENT_TEAM = Q6PD97MRX4;
				ENABLE_PREVIEWS = YES;
				INFOPLIST_FILE = iOS/Info.plist;
				IPHONEOS_DEPLOYMENT_TARGET = 14.0;
				LD_RUNPATH_SEARCH_PATHS = (
					"$(inherited)",
					"@executable_path/Frameworks",
				);
				PRODUCT_BUNDLE_IDENTIFIER = de.dasdom.TestSample;
				PRODUCT_NAME = TestSample;
				SDKROOT = iphoneos;
				SWIFT_VERSION = 5.0;
				TARGETED_DEVICE_FAMILY = "1,2";
				VALIDATE_PRODUCT = YES;
			};
			name = Release;
		};
		F2946BB325B09CB9004C4781 /* Debug */ = {
			isa = XCBuildConfiguration;
			buildSettings = {
				ASSETCATALOG_COMPILER_APPICON_NAME = AppIcon;
				ASSETCATALOG_COMPILER_GLOBAL_ACCENT_COLOR_NAME = AccentColor;
				CODE_SIGN_ENTITLEMENTS = macOS/macOS.entitlements;
				CODE_SIGN_STYLE = Automatic;
				COMBINE_HIDPI_IMAGES = YES;
				DEVELOPMENT_TEAM = Q6PD97MRX4;
				ENABLE_HARDENED_RUNTIME = YES;
				ENABLE_PREVIEWS = YES;
				INFOPLIST_FILE = macOS/Info.plist;
				LD_RUNPATH_SEARCH_PATHS = (
					"$(inherited)",
					"@executable_path/../Frameworks",
				);
				MACOSX_DEPLOYMENT_TARGET = 11.0;
				PRODUCT_BUNDLE_IDENTIFIER = de.dasdom.TestSample;
				PRODUCT_NAME = TestSample;
				SDKROOT = macosx;
				SWIFT_VERSION = 5.0;
			};
			name = Debug;
		};
		F2946BB425B09CB9004C4781 /* Release */ = {
			isa = XCBuildConfiguration;
			buildSettings = {
				ASSETCATALOG_COMPILER_APPICON_NAME = AppIcon;
				ASSETCATALOG_COMPILER_GLOBAL_ACCENT_COLOR_NAME = AccentColor;
				CODE_SIGN_ENTITLEMENTS = macOS/macOS.entitlements;
				CODE_SIGN_STYLE = Automatic;
				COMBINE_HIDPI_IMAGES = YES;
				DEVELOPMENT_TEAM = Q6PD97MRX4;
				ENABLE_HARDENED_RUNTIME = YES;
				ENABLE_PREVIEWS = YES;
				INFOPLIST_FILE = macOS/Info.plist;
				LD_RUNPATH_SEARCH_PATHS = (
					"$(inherited)",
					"@executable_path/../Frameworks",
				);
				MACOSX_DEPLOYMENT_TARGET = 11.0;
				PRODUCT_BUNDLE_IDENTIFIER = de.dasdom.TestSample;
				PRODUCT_NAME = TestSample;
				SDKROOT = macosx;
				SWIFT_VERSION = 5.0;
			};
			name = Release;
		};
		F2946BC825B09D0E004C4781 /* Debug */ = {
			isa = XCBuildConfiguration;
			buildSettings = {
				BUNDLE_LOADER = "$(TEST_HOST)";
				CODE_SIGN_STYLE = Automatic;
				DEVELOPMENT_TEAM = Q6PD97MRX4;
				INFOPLIST_FILE = TestSampleiOSTests/Info.plist;
				IPHONEOS_DEPLOYMENT_TARGET = 14.2;
				LD_RUNPATH_SEARCH_PATHS = (
					"$(inherited)",
					"@executable_path/Frameworks",
					"@loader_path/Frameworks",
				);
				PRODUCT_BUNDLE_IDENTIFIER = de.dasdom.TestSampleiOSTests;
				PRODUCT_NAME = "$(TARGET_NAME)";
				SDKROOT = iphoneos;
				SWIFT_VERSION = 5.0;
				TARGETED_DEVICE_FAMILY = "1,2";
				TEST_HOST = "$(BUILT_PRODUCTS_DIR)/TestSample.app/TestSample";
			};
			name = Debug;
		};
		F2946BC925B09D0E004C4781 /* Release */ = {
			isa = XCBuildConfiguration;
			buildSettings = {
				BUNDLE_LOADER = "$(TEST_HOST)";
				CODE_SIGN_STYLE = Automatic;
				DEVELOPMENT_TEAM = Q6PD97MRX4;
				INFOPLIST_FILE = TestSampleiOSTests/Info.plist;
				IPHONEOS_DEPLOYMENT_TARGET = 14.2;
				LD_RUNPATH_SEARCH_PATHS = (
					"$(inherited)",
					"@executable_path/Frameworks",
					"@loader_path/Frameworks",
				);
				PRODUCT_BUNDLE_IDENTIFIER = de.dasdom.TestSampleiOSTests;
				PRODUCT_NAME = "$(TARGET_NAME)";
				SDKROOT = iphoneos;
				SWIFT_VERSION = 5.0;
				TARGETED_DEVICE_FAMILY = "1,2";
				TEST_HOST = "$(BUILT_PRODUCTS_DIR)/TestSample.app/TestSample";
				VALIDATE_PRODUCT = YES;
			};
			name = Release;
		};
		F2946BEA25B09D63004C4781 /* Debug */ = {
			isa = XCBuildConfiguration;
			buildSettings = {
				CODE_SIGN_STYLE = Automatic;
				DEVELOPMENT_TEAM = Q6PD97MRX4;
				INFOPLIST_FILE = TestSampleiOSUITests/Info.plist;
				IPHONEOS_DEPLOYMENT_TARGET = 14.2;
				LD_RUNPATH_SEARCH_PATHS = (
					"$(inherited)",
					"@executable_path/Frameworks",
					"@loader_path/Frameworks",
				);
				PRODUCT_BUNDLE_IDENTIFIER = de.dasdom.TestSampleiOSUITests;
				PRODUCT_NAME = "$(TARGET_NAME)";
				SDKROOT = iphoneos;
				SWIFT_VERSION = 5.0;
				TARGETED_DEVICE_FAMILY = "1,2";
				TEST_TARGET_NAME = "TestSample (iOS)";
			};
			name = Debug;
		};
		F2946BEB25B09D63004C4781 /* Release */ = {
			isa = XCBuildConfiguration;
			buildSettings = {
				CODE_SIGN_STYLE = Automatic;
				DEVELOPMENT_TEAM = Q6PD97MRX4;
				INFOPLIST_FILE = TestSampleiOSUITests/Info.plist;
				IPHONEOS_DEPLOYMENT_TARGET = 14.2;
				LD_RUNPATH_SEARCH_PATHS = (
					"$(inherited)",
					"@executable_path/Frameworks",
					"@loader_path/Frameworks",
				);
				PRODUCT_BUNDLE_IDENTIFIER = de.dasdom.TestSampleiOSUITests;
				PRODUCT_NAME = "$(TARGET_NAME)";
				SDKROOT = iphoneos;
				SWIFT_VERSION = 5.0;
				TARGETED_DEVICE_FAMILY = "1,2";
				TEST_TARGET_NAME = "TestSample (iOS)";
				VALIDATE_PRODUCT = YES;
			};
			name = Release;
		};
/* End XCBuildConfiguration section */

/* Begin XCConfigurationList section */
		F2946B9225B09CB3004C4781 /* Build configuration list for PBXProject "TestSample" */ = {
			isa = XCConfigurationList;
			buildConfigurations = (
				F2946BAD25B09CB9004C4781 /* Debug */,
				F2946BAE25B09CB9004C4781 /* Release */,
			);
			defaultConfigurationIsVisible = 0;
			defaultConfigurationName = Release;
		};
		F2946BAF25B09CB9004C4781 /* Build configuration list for PBXNativeTarget "TestSample (iOS)" */ = {
			isa = XCConfigurationList;
			buildConfigurations = (
				F2946BB025B09CB9004C4781 /* Debug */,
				F2946BB125B09CB9004C4781 /* Release */,
			);
			defaultConfigurationIsVisible = 0;
			defaultConfigurationName = Release;
		};
		F2946BB225B09CB9004C4781 /* Build configuration list for PBXNativeTarget "TestSample (macOS)" */ = {
			isa = XCConfigurationList;
			buildConfigurations = (
				F2946BB325B09CB9004C4781 /* Debug */,
				F2946BB425B09CB9004C4781 /* Release */,
			);
			defaultConfigurationIsVisible = 0;
			defaultConfigurationName = Release;
		};
		F2946BC725B09D0E004C4781 /* Build configuration list for PBXNativeTarget "TestSampleiOSTests" */ = {
			isa = XCConfigurationList;
			buildConfigurations = (
				F2946BC825B09D0E004C4781 /* Debug */,
				F2946BC925B09D0E004C4781 /* Release */,
			);
			defaultConfigurationIsVisible = 0;
			defaultConfigurationName = Release;
		};
		F2946BE925B09D63004C4781 /* Build configuration list for PBXNativeTarget "TestSampleiOSUITests" */ = {
			isa = XCConfigurationList;
			buildConfigurations = (
				F2946BEA25B09D63004C4781 /* Debug */,
				F2946BEB25B09D63004C4781 /* Release */,
			);
			defaultConfigurationIsVisible = 0;
			defaultConfigurationName = Release;
		};
/* End XCConfigurationList section */
	};
	rootObject = F2946B8F25B09CB3004C4781 /* Project object */;
}
